// !$*UTF8*$!
{
	archiveVersion = 1;
	classes = {
	};
	objectVersion = 50;
	objects = {

/* Begin PBXBuildFile section */
		5853B872BF89B67A983830CF /* Pods_TestPod.framework in Frameworks */ = {isa = PBXBuildFile; fileRef = 2667FDE996092E54358D0B24 /* Pods_TestPod.framework */; };
		FBE9D2A921FEE63700E587F4 /* TestPod.h in Headers */ = {isa = PBXBuildFile; fileRef = FBE9D2A721FEE63700E587F4 /* TestPod.h */; settings = {ATTRIBUTES = (Public, ); }; };
		FBE9D2B121FEEB6B00E587F4 /* sdk.storyboard in Resources */ = {isa = PBXBuildFile; fileRef = FBE9D2B021FEEB6B00E587F4 /* sdk.storyboard */; };
		FBE9D2B321FEED4500E587F4 /* SubmitVC.swift in Sources */ = {isa = PBXBuildFile; fileRef = FBE9D2B221FEED4500E587F4 /* SubmitVC.swift */; };
		FBE9D2D321FEFECE00E587F4 /* TestPodShared.swift in Sources */ = {isa = PBXBuildFile; fileRef = FBE9D2D221FEFECE00E587F4 /* TestPodShared.swift */; };
/* End PBXBuildFile section */

/* Begin PBXFileReference section */
		2667FDE996092E54358D0B24 /* Pods_TestPod.framework */ = {isa = PBXFileReference; explicitFileType = wrapper.framework; includeInIndex = 0; path = Pods_TestPod.framework; sourceTree = BUILT_PRODUCTS_DIR; };
		40E9996252D1C88AC3DAF359 /* Pods-TestPod.release.xcconfig */ = {isa = PBXFileReference; includeInIndex = 1; lastKnownFileType = text.xcconfig; name = "Pods-TestPod.release.xcconfig"; path = "Pods/Target Support Files/Pods-TestPod/Pods-TestPod.release.xcconfig"; sourceTree = "<group>"; };
		824FCFB882D32AD5C93F1BFC /* Pods-TestPod.debug.xcconfig */ = {isa = PBXFileReference; includeInIndex = 1; lastKnownFileType = text.xcconfig; name = "Pods-TestPod.debug.xcconfig"; path = "Pods/Target Support Files/Pods-TestPod/Pods-TestPod.debug.xcconfig"; sourceTree = "<group>"; };
		FBE9D2A421FEE63700E587F4 /* TestPod.framework */ = {isa = PBXFileReference; explicitFileType = wrapper.framework; includeInIndex = 0; path = TestPod.framework; sourceTree = BUILT_PRODUCTS_DIR; };
		FBE9D2A721FEE63700E587F4 /* TestPod.h */ = {isa = PBXFileReference; lastKnownFileType = sourcecode.c.h; path = TestPod.h; sourceTree = "<group>"; };
		FBE9D2A821FEE63700E587F4 /* Info.plist */ = {isa = PBXFileReference; lastKnownFileType = text.plist.xml; path = Info.plist; sourceTree = "<group>"; };
		FBE9D2B021FEEB6B00E587F4 /* sdk.storyboard */ = {isa = PBXFileReference; lastKnownFileType = file.storyboard; path = sdk.storyboard; sourceTree = "<group>"; };
		FBE9D2B221FEED4500E587F4 /* SubmitVC.swift */ = {isa = PBXFileReference; lastKnownFileType = sourcecode.swift; path = SubmitVC.swift; sourceTree = "<group>"; };
		FBE9D2D221FEFECE00E587F4 /* TestPodShared.swift */ = {isa = PBXFileReference; lastKnownFileType = sourcecode.swift; path = TestPodShared.swift; sourceTree = "<group>"; };
/* End PBXFileReference section */

/* Begin PBXFrameworksBuildPhase section */
		FBE9D2A121FEE63700E587F4 /* Frameworks */ = {
			isa = PBXFrameworksBuildPhase;
			buildActionMask = 2147483647;
			files = (
				5853B872BF89B67A983830CF /* Pods_TestPod.framework in Frameworks */,
			);
			runOnlyForDeploymentPostprocessing = 0;
		};
/* End PBXFrameworksBuildPhase section */

/* Begin PBXGroup section */
		12E05565AC5D86F12A71F0AC /* Frameworks */ = {
			isa = PBXGroup;
			children = (
				2667FDE996092E54358D0B24 /* Pods_TestPod.framework */,
			);
			name = Frameworks;
			sourceTree = "<group>";
		};
		14AEEE1822DAC632480A93F3 /* Pods */ = {
			isa = PBXGroup;
			children = (
				824FCFB882D32AD5C93F1BFC /* Pods-TestPod.debug.xcconfig */,
				40E9996252D1C88AC3DAF359 /* Pods-TestPod.release.xcconfig */,
			);
			name = Pods;
			sourceTree = "<group>";
		};
		FBE9D29A21FEE63700E587F4 = {
			isa = PBXGroup;
			children = (
				FBE9D2A621FEE63700E587F4 /* TestPod */,
				FBE9D2A521FEE63700E587F4 /* Products */,
				14AEEE1822DAC632480A93F3 /* Pods */,
				12E05565AC5D86F12A71F0AC /* Frameworks */,
			);
			sourceTree = "<group>";
		};
		FBE9D2A521FEE63700E587F4 /* Products */ = {
			isa = PBXGroup;
			children = (
				FBE9D2A421FEE63700E587F4 /* TestPod.framework */,
			);
			name = Products;
			sourceTree = "<group>";
		};
		FBE9D2A621FEE63700E587F4 /* TestPod */ = {
			isa = PBXGroup;
			children = (
				FBE9D2AF21FEEB4500E587F4 /* SDK Files */,
				FBE9D2A721FEE63700E587F4 /* TestPod.h */,
				FBE9D2A821FEE63700E587F4 /* Info.plist */,
			);
			path = TestPod;
			sourceTree = "<group>";
		};
		FBE9D2AF21FEEB4500E587F4 /* SDK Files */ = {
			isa = PBXGroup;
			children = (
				FBE9D2B021FEEB6B00E587F4 /* sdk.storyboard */,
				FBE9D2B221FEED4500E587F4 /* SubmitVC.swift */,
				FBE9D2D221FEFECE00E587F4 /* TestPodShared.swift */,
			);
			path = "SDK Files";
			sourceTree = "<group>";
		};
/* End PBXGroup section */

/* Begin PBXHeadersBuildPhase section */
		FBE9D29F21FEE63700E587F4 /* Headers */ = {
			isa = PBXHeadersBuildPhase;
			buildActionMask = 2147483647;
			files = (
				FBE9D2A921FEE63700E587F4 /* TestPod.h in Headers */,
			);
			runOnlyForDeploymentPostprocessing = 0;
		};
/* End PBXHeadersBuildPhase section */

/* Begin PBXNativeTarget section */
		FBE9D2A321FEE63700E587F4 /* TestPod */ = {
			isa = PBXNativeTarget;
			buildConfigurationList = FBE9D2AC21FEE63700E587F4 /* Build configuration list for PBXNativeTarget "TestPod" */;
			buildPhases = (
				0FD19A46AC91E133BF419476 /* [CP] Check Pods Manifest.lock */,
				FBE9D29F21FEE63700E587F4 /* Headers */,
				FBE9D2A021FEE63700E587F4 /* Sources */,
				FBE9D2A121FEE63700E587F4 /* Frameworks */,
				FBE9D2A221FEE63700E587F4 /* Resources */,
			);
			buildRules = (
			);
			dependencies = (
			);
			name = TestPod;
			productName = TestPod;
			productReference = FBE9D2A421FEE63700E587F4 /* TestPod.framework */;
			productType = "com.apple.product-type.framework";
		};
/* End PBXNativeTarget section */

/* Begin PBXProject section */
		FBE9D29B21FEE63700E587F4 /* Project object */ = {
			isa = PBXProject;
			attributes = {
				LastUpgradeCheck = 1010;
				ORGANIZATIONNAME = "Vikranth Kumar";
				TargetAttributes = {
					FBE9D2A321FEE63700E587F4 = {
						CreatedOnToolsVersion = 10.1;
						LastSwiftMigration = 1010;
					};
				};
			};
			buildConfigurationList = FBE9D29E21FEE63700E587F4 /* Build configuration list for PBXProject "TestPod" */;
			compatibilityVersion = "Xcode 9.3";
			developmentRegion = en;
			hasScannedForEncodings = 0;
			knownRegions = (
				en,
			);
			mainGroup = FBE9D29A21FEE63700E587F4;
			productRefGroup = FBE9D2A521FEE63700E587F4 /* Products */;
			projectDirPath = "";
			projectRoot = "";
			targets = (
				FBE9D2A321FEE63700E587F4 /* TestPod */,
			);
		};
/* End PBXProject section */

/* Begin PBXResourcesBuildPhase section */
		FBE9D2A221FEE63700E587F4 /* Resources */ = {
			isa = PBXResourcesBuildPhase;
			buildActionMask = 2147483647;
			files = (
				FBE9D2B121FEEB6B00E587F4 /* sdk.storyboard in Resources */,
			);
			runOnlyForDeploymentPostprocessing = 0;
		};
/* End PBXResourcesBuildPhase section */

/* Begin PBXShellScriptBuildPhase section */
		0FD19A46AC91E133BF419476 /* [CP] Check Pods Manifest.lock */ = {
			isa = PBXShellScriptBuildPhase;
			buildActionMask = 2147483647;
			files = (
			);
			inputFileListPaths = (
			);
			inputPaths = (
				"${PODS_PODFILE_DIR_PATH}/Podfile.lock",
				"${PODS_ROOT}/Manifest.lock",
			);
			name = "[CP] Check Pods Manifest.lock";
			outputFileListPaths = (
			);
			outputPaths = (
				"$(DERIVED_FILE_DIR)/Pods-TestPod-checkManifestLockResult.txt",
			);
			runOnlyForDeploymentPostprocessing = 0;
			shellPath = /bin/sh;
			shellScript = "diff \"${PODS_PODFILE_DIR_PATH}/Podfile.lock\" \"${PODS_ROOT}/Manifest.lock\" > /dev/null\nif [ $? != 0 ] ; then\n    # print error to STDERR\n    echo \"error: The sandbox is not in sync with the Podfile.lock. Run 'pod install' or update your CocoaPods installation.\" >&2\n    exit 1\nfi\n# This output is used by Xcode 'outputs' to avoid re-running this script phase.\necho \"SUCCESS\" > \"${SCRIPT_OUTPUT_FILE_0}\"\n";
			showEnvVarsInLog = 0;
		};
/* End PBXShellScriptBuildPhase section */

/* Begin PBXSourcesBuildPhase section */
		FBE9D2A021FEE63700E587F4 /* Sources */ = {
			isa = PBXSourcesBuildPhase;
			buildActionMask = 2147483647;
			files = (
				FBE9D2D321FEFECE00E587F4 /* TestPodShared.swift in Sources */,
				FBE9D2B321FEED4500E587F4 /* SubmitVC.swift in Sources */,
			);
			runOnlyForDeploymentPostprocessing = 0;
		};
/* End PBXSourcesBuildPhase section */

/* Begin XCBuildConfiguration section */
		FBE9D2AA21FEE63700E587F4 /* Debug */ = {
			isa = XCBuildConfiguration;
			buildSettings = {
				ALWAYS_SEARCH_USER_PATHS = NO;
				CLANG_ANALYZER_NONNULL = YES;
				CLANG_ANALYZER_NUMBER_OBJECT_CONVERSION = YES_AGGRESSIVE;
				CLANG_CXX_LANGUAGE_STANDARD = "gnu++14";
				CLANG_CXX_LIBRARY = "libc++";
				CLANG_ENABLE_MODULES = YES;
				CLANG_ENABLE_OBJC_ARC = YES;
				CLANG_ENABLE_OBJC_WEAK = YES;
				CLANG_WARN_BLOCK_CAPTURE_AUTORELEASING = YES;
				CLANG_WARN_BOOL_CONVERSION = YES;
				CLANG_WARN_COMMA = YES;
				CLANG_WARN_CONSTANT_CONVERSION = YES;
				CLANG_WARN_DEPRECATED_OBJC_IMPLEMENTATIONS = YES;
				CLANG_WARN_DIRECT_OBJC_ISA_USAGE = YES_ERROR;
				CLANG_WARN_DOCUMENTATION_COMMENTS = YES;
				CLANG_WARN_EMPTY_BODY = YES;
				CLANG_WARN_ENUM_CONVERSION = YES;
				CLANG_WARN_INFINITE_RECURSION = YES;
				CLANG_WARN_INT_CONVERSION = YES;
				CLANG_WARN_NON_LITERAL_NULL_CONVERSION = YES;
				CLANG_WARN_OBJC_IMPLICIT_RETAIN_SELF = YES;
				CLANG_WARN_OBJC_LITERAL_CONVERSION = YES;
				CLANG_WARN_OBJC_ROOT_CLASS = YES_ERROR;
				CLANG_WARN_RANGE_LOOP_ANALYSIS = YES;
				CLANG_WARN_STRICT_PROTOTYPES = YES;
				CLANG_WARN_SUSPICIOUS_MOVE = YES;
				CLANG_WARN_UNGUARDED_AVAILABILITY = YES_AGGRESSIVE;
				CLANG_WARN_UNREACHABLE_CODE = YES;
				CLANG_WARN__DUPLICATE_METHOD_MATCH = YES;
				CODE_SIGN_IDENTITY = "iPhone Developer";
				COPY_PHASE_STRIP = NO;
				CURRENT_PROJECT_VERSION = 1;
				DEBUG_INFORMATION_FORMAT = dwarf;
				ENABLE_STRICT_OBJC_MSGSEND = YES;
				ENABLE_TESTABILITY = YES;
				GCC_C_LANGUAGE_STANDARD = gnu11;
				GCC_DYNAMIC_NO_PIC = NO;
				GCC_NO_COMMON_BLOCKS = YES;
				GCC_OPTIMIZATION_LEVEL = 0;
				GCC_PREPROCESSOR_DEFINITIONS = (
					"DEBUG=1",
					"$(inherited)",
				);
				GCC_WARN_64_TO_32_BIT_CONVERSION = YES;
				GCC_WARN_ABOUT_RETURN_TYPE = YES_ERROR;
				GCC_WARN_UNDECLARED_SELECTOR = YES;
				GCC_WARN_UNINITIALIZED_AUTOS = YES_AGGRESSIVE;
				GCC_WARN_UNUSED_FUNCTION = YES;
				GCC_WARN_UNUSED_VARIABLE = YES;
				IPHONEOS_DEPLOYMENT_TARGET = 12.1;
				MTL_ENABLE_DEBUG_INFO = INCLUDE_SOURCE;
				MTL_FAST_MATH = YES;
				ONLY_ACTIVE_ARCH = YES;
				SDKROOT = iphoneos;
				SWIFT_ACTIVE_COMPILATION_CONDITIONS = DEBUG;
				SWIFT_OPTIMIZATION_LEVEL = "-Onone";
				VERSIONING_SYSTEM = "apple-generic";
				VERSION_INFO_PREFIX = "";
			};
			name = Debug;
		};
		FBE9D2AB21FEE63700E587F4 /* Release */ = {
			isa = XCBuildConfiguration;
			buildSettings = {
				ALWAYS_SEARCH_USER_PATHS = NO;
				CLANG_ANALYZER_NONNULL = YES;
				CLANG_ANALYZER_NUMBER_OBJECT_CONVERSION = YES_AGGRESSIVE;
				CLANG_CXX_LANGUAGE_STANDARD = "gnu++14";
				CLANG_CXX_LIBRARY = "libc++";
				CLANG_ENABLE_MODULES = YES;
				CLANG_ENABLE_OBJC_ARC = YES;
				CLANG_ENABLE_OBJC_WEAK = YES;
				CLANG_WARN_BLOCK_CAPTURE_AUTORELEASING = YES;
				CLANG_WARN_BOOL_CONVERSION = YES;
				CLANG_WARN_COMMA = YES;
				CLANG_WARN_CONSTANT_CONVERSION = YES;
				CLANG_WARN_DEPRECATED_OBJC_IMPLEMENTATIONS = YES;
				CLANG_WARN_DIRECT_OBJC_ISA_USAGE = YES_ERROR;
				CLANG_WARN_DOCUMENTATION_COMMENTS = YES;
				CLANG_WARN_EMPTY_BODY = YES;
				CLANG_WARN_ENUM_CONVERSION = YES;
				CLANG_WARN_INFINITE_RECURSION = YES;
				CLANG_WARN_INT_CONVERSION = YES;
				CLANG_WARN_NON_LITERAL_NULL_CONVERSION = YES;
				CLANG_WARN_OBJC_IMPLICIT_RETAIN_SELF = YES;
				CLANG_WARN_OBJC_LITERAL_CONVERSION = YES;
				CLANG_WARN_OBJC_ROOT_CLASS = YES_ERROR;
				CLANG_WARN_RANGE_LOOP_ANALYSIS = YES;
				CLANG_WARN_STRICT_PROTOTYPES = YES;
				CLANG_WARN_SUSPICIOUS_MOVE = YES;
				CLANG_WARN_UNGUARDED_AVAILABILITY = YES_AGGRESSIVE;
				CLANG_WARN_UNREACHABLE_CODE = YES;
				CLANG_WARN__DUPLICATE_METHOD_MATCH = YES;
				CODE_SIGN_IDENTITY = "iPhone Developer";
				COPY_PHASE_STRIP = NO;
				CURRENT_PROJECT_VERSION = 1;
				DEBUG_INFORMATION_FORMAT = "dwarf-with-dsym";
				ENABLE_NS_ASSERTIONS = NO;
				ENABLE_STRICT_OBJC_MSGSEND = YES;
				GCC_C_LANGUAGE_STANDARD = gnu11;
				GCC_NO_COMMON_BLOCKS = YES;
				GCC_WARN_64_TO_32_BIT_CONVERSION = YES;
				GCC_WARN_ABOUT_RETURN_TYPE = YES_ERROR;
				GCC_WARN_UNDECLARED_SELECTOR = YES;
				GCC_WARN_UNINITIALIZED_AUTOS = YES_AGGRESSIVE;
				GCC_WARN_UNUSED_FUNCTION = YES;
				GCC_WARN_UNUSED_VARIABLE = YES;
				IPHONEOS_DEPLOYMENT_TARGET = 12.1;
				MTL_ENABLE_DEBUG_INFO = NO;
				MTL_FAST_MATH = YES;
				SDKROOT = iphoneos;
				SWIFT_COMPILATION_MODE = wholemodule;
				SWIFT_OPTIMIZATION_LEVEL = "-O";
				VALIDATE_PRODUCT = YES;
				VERSIONING_SYSTEM = "apple-generic";
				VERSION_INFO_PREFIX = "";
			};
			name = Release;
		};
		FBE9D2AD21FEE63700E587F4 /* Debug */ = {
			isa = XCBuildConfiguration;
			baseConfigurationReference = 824FCFB882D32AD5C93F1BFC /* Pods-TestPod.debug.xcconfig */;
			buildSettings = {
				CLANG_ENABLE_MODULES = YES;
				CODE_SIGN_IDENTITY = "";
				CODE_SIGN_STYLE = Automatic;
				DEFINES_MODULE = YES;
				DEVELOPMENT_TEAM = 95TJ62T72S;
				DYLIB_COMPATIBILITY_VERSION = 1;
				DYLIB_CURRENT_VERSION = 1;
				DYLIB_INSTALL_NAME_BASE = "@rpath";
				INFOPLIST_FILE = TestPod/Info.plist;
				INSTALL_PATH = "$(LOCAL_LIBRARY_DIR)/Frameworks";
				LD_RUNPATH_SEARCH_PATHS = (
					"$(inherited)",
					"@executable_path/Frameworks",
					"@loader_path/Frameworks",
				);
				PRODUCT_BUNDLE_IDENTIFIER = com.konnectshift.TestPod;
				PRODUCT_NAME = "$(TARGET_NAME:c99extidentifier)";
				SKIP_INSTALL = YES;
				SWIFT_OPTIMIZATION_LEVEL = "-Onone";
				SWIFT_VERSION = 4.2;
				TARGETED_DEVICE_FAMILY = "1,2";
			};
			name = Debug;
		};
		FBE9D2AE21FEE63700E587F4 /* Release */ = {
			isa = XCBuildConfiguration;
			baseConfigurationReference = 40E9996252D1C88AC3DAF359 /* Pods-TestPod.release.xcconfig */;
			buildSettings = {
				CLANG_ENABLE_MODULES = YES;
				CODE_SIGN_IDENTITY = "";
				CODE_SIGN_STYLE = Automatic;
				DEFINES_MODULE = YES;
				DEVELOPMENT_TEAM = 95TJ62T72S;
				DYLIB_COMPATIBILITY_VERSION = 1;
				DYLIB_CURRENT_VERSION = 1;
				DYLIB_INSTALL_NAME_BASE = "@rpath";
				INFOPLIST_FILE = TestPod/Info.plist;
				INSTALL_PATH = "$(LOCAL_LIBRARY_DIR)/Frameworks";
				LD_RUNPATH_SEARCH_PATHS = (
					"$(inherited)",
					"@executable_path/Frameworks",
					"@loader_path/Frameworks",
				);
				PRODUCT_BUNDLE_IDENTIFIER = com.konnectshift.TestPod;
				PRODUCT_NAME = "$(TARGET_NAME:c99extidentifier)";
				SKIP_INSTALL = YES;
				SWIFT_VERSION = 4.2;
				TARGETED_DEVICE_FAMILY = "1,2";
			};
			name = Release;
		};
/* End XCBuildConfiguration section */

/* Begin XCConfigurationList section */
		FBE9D29E21FEE63700E587F4 /* Build configuration list for PBXProject "TestPod" */ = {
			isa = XCConfigurationList;
			buildConfigurations = (
				FBE9D2AA21FEE63700E587F4 /* Debug */,
				FBE9D2AB21FEE63700E587F4 /* Release */,
			);
			defaultConfigurationIsVisible = 0;
			defaultConfigurationName = Release;
		};
		FBE9D2AC21FEE63700E587F4 /* Build configuration list for PBXNativeTarget "TestPod" */ = {
			isa = XCConfigurationList;
			buildConfigurations = (
				FBE9D2AD21FEE63700E587F4 /* Debug */,
				FBE9D2AE21FEE63700E587F4 /* Release */,
			);
			defaultConfigurationIsVisible = 0;
			defaultConfigurationName = Release;
		};
/* End XCConfigurationList section */
	};
	rootObject = FBE9D29B21FEE63700E587F4 /* Project object */;
}
